{
  "name": "rabbitmq-node-tutorial",
  "version": "1.0.0",
  "lockfileVersion": 1,
  "requires": true,
  "dependencies": {
    "amqplib": {
      "version": "0.3.2",
      "resolved": "https://registry.npmjs.org/amqplib/-/amqplib-0.3.2.tgz",
      "integrity": "sha1-532Ps4QuvK54zxyTDEkNHpVPQpc=",
      "requires": {
        "bitsyntax": "~0.0.4",
        "buffer-more-ints": "0.0.2",
        "readable-stream": "1.x >=1.1.9",
        "when": "~3.6.2"
      }
    },
    "bitsyntax": {
      "version": "0.0.4",
      "resolved": "https://registry.npmjs.org/bitsyntax/-/bitsyntax-0.0.4.tgz",
      "integrity": "sha1-6xDMb4K4xJDj6FaY8H6D1G4MuoI=",
      "requires": {
        "buffer-more-ints": "0.0.2"
      }
    },
    "bluebird": {
      "version": "3.5.3",
      "resolved": "https://registry.npmjs.org/bluebird/-/bluebird-3.5.3.tgz",
      "integrity": "sha512-/qKPUQlaW1OyR51WeCPBvRnAlnZFUJkCSG5HzGnuIqhgyJtF+T94lFnn33eiazjRm2LAHVy2guNnaq48X9SJuw=="
    },
    "buffer-more-ints": {
      "version": "0.0.2",
      "resolved": "https://registry.npmjs.org/buffer-more-ints/-/buffer-more-ints-0.0.2.tgz",
      "integrity": "sha1-JrOIXRD6E9t/wBquOquHAZngEkw="
    },
    "colors": {
      "version": "1.0.3",
      "resolved": "https://registry.npmjs.org/colors/-/colors-1.0.3.tgz",
      "integrity": "sha1-BDP0TYCWgP3rYO0mDxsMJi6CpAs="
    },
    "core-util-is": {
      "version": "1.0.2",
      "resolved": "https://registry.npmjs.org/core-util-is/-/core-util-is-1.0.2.tgz",
      "integrity": "sha1-tf1UIgqivFq1eqtxQMlAdUUDwac="
    },
    "debug": {
      "version": "2.6.9",
      "resolved": "https://registry.npmjs.org/debug/-/debug-2.6.9.tgz",
      "integrity": "sha512-bC7ElrdJaJnPbAP+1EotYvqZsb3ecl5wi6Bfi6BJTUcNowp6cvspg0jXznRTKDjm/E7AdgFBVeAPVMNcKGsHMA==",
      "requires": {
        "ms": "2.0.0"
      }
    },
    "inherits": {
      "version": "2.0.3",
      "resolved": "https://registry.npmjs.org/inherits/-/inherits-2.0.3.tgz",
      "integrity": "sha1-Yzwsg+PaQqUC9SRmAiSA9CCCYd4="
    },
    "isarray": {
      "version": "0.0.1",
      "resolved": "https://registry.npmjs.org/isarray/-/isarray-0.0.1.tgz",
      "integrity": "sha1-ihis/Kmo9Bd+Cav8YDiTmwXR7t8="
    },
    "lodash": {
      "version": "4.17.11",
      "resolved": "https://registry.npmjs.org/lodash/-/lodash-4.17.11.tgz",
      "integrity": "sha512-cQKh8igo5QUhZ7lg38DYWAxMvjSAKG0A8wGSVimP07SIUEK2UO+arSRKbRZWtelMtN5V0Hkwh5ryOto/SshYIg=="
    },
    "machina": {
      "version": "2.0.2",
      "resolved": "https://registry.npmjs.org/machina/-/machina-2.0.2.tgz",
      "integrity": "sha512-9U9g4eQjQ2JARX7h/051r65EQEfFfpPxoSjVmUMJG6gnfjVjM+rjwVLoq7Z9NovjYm7AR3oTWWPtHVlgeSZzYw==",
      "requires": {
        "lodash": "3.x"
      },
      "dependencies": {
        "lodash": {
          "version": "3.10.1",
          "resolved": "https://registry.npmjs.org/lodash/-/lodash-3.10.1.tgz",
          "integrity": "sha1-W/Rejkm6QYnhfUgnid/RW9FAt7Y="
        }
      }
    },
    "moment": {
      "version": "2.10.2",
      "resolved": "https://registry.npmjs.org/moment/-/moment-2.10.2.tgz",
      "integrity": "sha1-+vjAnKgvA/lJYuO1pyOSY+pQ0Ic="
    },
    "monologue.js": {
      "version": "0.3.5",
      "resolved": "https://registry.npmjs.org/monologue.js/-/monologue.js-0.3.5.tgz",
      "integrity": "sha1-IM5RQ9ZegqOh91rakUfFJIeRSWk=",
      "requires": {
        "lodash": "3.x",
        "riveter": "0.2.0"
      },
      "dependencies": {
        "lodash": {
          "version": "3.10.1",
          "resolved": "https://registry.npmjs.org/lodash/-/lodash-3.10.1.tgz",
          "integrity": "sha1-W/Rejkm6QYnhfUgnid/RW9FAt7Y="
        }
      }
    },
    "ms": {
      "version": "2.0.0",
      "resolved": "https://registry.npmjs.org/ms/-/ms-2.0.0.tgz",
      "integrity": "sha1-VgiurfwAvmwpAd9fmGF4jeDVl8g="
    },
    "postal": {
      "version": "2.0.5",
      "resolved": "https://registry.npmjs.org/postal/-/postal-2.0.5.tgz",
      "integrity": "sha1-f58DWUOiTaqZY6xaU7XQzwffJLk=",
      "requires": {
        "lodash": "^4.12.0"
      }
    },
    "querystringify": {
      "version": "2.1.0",
      "resolved": "https://registry.npmjs.org/querystringify/-/querystringify-2.1.0.tgz",
      "integrity": "sha512-sluvZZ1YiTLD5jsqZcDmFyV2EwToyXZBfpoVOmktMmW+VEnhgakFHnasVph65fOjGPTWN0Nw3+XQaSeMayr0kg=="
    },
    "rabbot": {
      "version": "1.1.0",
      "resolved": "https://registry.npmjs.org/rabbot/-/rabbot-1.1.0.tgz",
      "integrity": "sha1-QrXljVwSCr6k+scLZqrjb4ThI0I=",
      "requires": {
        "amqplib": "~0.5.1",
        "debug": "^2.2.0",
        "lodash": "^4.15.0",
        "machina": "^2.0.0",
        "monologue.js": "^0.3.5",
        "postal": "^2.0.5",
        "uuid": "^3.0.0",
        "when": "^3.7.7",
        "whistlepunk": "^0.3.2"
      },
      "dependencies": {
        "amqplib": {
          "version": "0.5.3",
          "resolved": "https://registry.npmjs.org/amqplib/-/amqplib-0.5.3.tgz",
          "integrity": "sha512-ZOdUhMxcF+u62rPI+hMtU1NBXSDFQ3eCJJrenamtdQ7YYwh7RZJHOIM1gonVbZ5PyVdYH4xqBPje9OYqk7fnqw==",
          "requires": {
            "bitsyntax": "~0.1.0",
            "bluebird": "^3.5.2",
            "buffer-more-ints": "~1.0.0",
            "readable-stream": "1.x >=1.1.9",
            "safe-buffer": "~5.1.2",
            "url-parse": "~1.4.3"
          }
        },
        "bitsyntax": {
          "version": "0.1.0",
          "resolved": "https://registry.npmjs.org/bitsyntax/-/bitsyntax-0.1.0.tgz",
          "integrity": "sha512-ikAdCnrloKmFOugAfxWws89/fPc+nw0OOG1IzIE72uSOg/A3cYptKCjSUhDTuj7fhsJtzkzlv7l3b8PzRHLN0Q==",
          "requires": {
            "buffer-more-ints": "~1.0.0",
            "debug": "~2.6.9",
            "safe-buffer": "~5.1.2"
          }
        },
        "buffer-more-ints": {
          "version": "1.0.0",
          "resolved": "https://registry.npmjs.org/buffer-more-ints/-/buffer-more-ints-1.0.0.tgz",
          "integrity": "sha512-EMetuGFz5SLsT0QTnXzINh4Ksr+oo4i+UGTXEshiGCQWnsgSs7ZhJ8fzlwQ+OzEMs0MpDAMr1hxnblp5a4vcHg=="
        },
        "when": {
          "version": "3.7.8",
          "resolved": "https://registry.npmjs.org/when/-/when-3.7.8.tgz",
          "integrity": "sha1-xxMLan6gRpPoQs3J56Hyqjmjn4I="
        }
      }
    },
    "readable-stream": {
      "version": "1.1.14",
      "resolved": "https://registry.npmjs.org/readable-stream/-/readable-stream-1.1.14.tgz",
      "integrity": "sha1-fPTFTvZI44EwhMY23SB54WbAgdk=",
      "requires": {
        "core-util-is": "~1.0.0",
        "inherits": "~2.0.1",
        "isarray": "0.0.1",
        "string_decoder": "~0.10.x"
      }
    },
    "requires-port": {
      "version": "1.0.0",
      "resolved": "https://registry.npmjs.org/requires-port/-/requires-port-1.0.0.tgz",
      "integrity": "sha1-kl0mAdOaxIXgkc8NpcbmlNw9yv8="
    },
    "riveter": {
      "version": "0.2.0",
      "resolved": "https://registry.npmjs.org/riveter/-/riveter-0.2.0.tgz",
      "integrity": "sha1-H3yOhlxFURX95ZS+JLAHLr3IvuQ=",
      "requires": {
        "lodash": "^2.4.1"
      },
      "dependencies": {
        "lodash": {
          "version": "2.4.2",
          "resolved": "https://registry.npmjs.org/lodash/-/lodash-2.4.2.tgz",
          "integrity": "sha1-+t2DS5aDBz2hebPq5tnA0VBT9z4="
        }
      }
    },
    "safe-buffer": {
      "version": "5.1.2",
      "resolved": "https://registry.npmjs.org/safe-buffer/-/safe-buffer-5.1.2.tgz",
      "integrity": "sha512-Gd2UZBJDkXlY7GbJxfsE8/nvKkUEU1G38c1siN6QP6a9PT9MmHB8GnpscSmMJSoF8LOIrt8ud/wPtojys4G6+g=="
    },
    "string_decoder": {
      "version": "0.10.31",
      "resolved": "https://registry.npmjs.org/string_decoder/-/string_decoder-0.10.31.tgz",
      "integrity": "sha1-YuIDvEF2bGwoyfyEMB2rHFMQ+pQ="
    },
    "url-parse": {
      "version": "1.4.4",
      "resolved": "https://registry.npmjs.org/url-parse/-/url-parse-1.4.4.tgz",
      "integrity": "sha512-/92DTTorg4JjktLNLe6GPS2/RvAd/RGr6LuktmWSMLEOa6rjnlrFXNgSbSmkNvCoL2T028A0a1JaJLzRMlFoHg==",
      "requires": {
        "querystringify": "^2.0.0",
        "requires-port": "^1.0.0"
      }
    },
    "uuid": {
      "version": "3.3.2",
      "resolved": "https://registry.npmjs.org/uuid/-/uuid-3.3.2.tgz",
      "integrity": "sha512-yXJmeNaw3DnnKAOKJE51sL/ZaYfWJRl1pK9dr19YFCu0ObS231AB1/LbqTKRAQ5kw8A90rA6fr4riOUpTZvQZA=="
    },
    "when": {
      "version": "3.6.4",
      "resolved": "https://registry.npmjs.org/when/-/when-3.6.4.tgz",
      "integrity": "sha1-RztRfsFZ4rhQBUl6E5g/CVQS404="
    },
    "whistlepunk": {
      "version": "0.3.3",
      "resolved": "https://registry.npmjs.org/whistlepunk/-/whistlepunk-0.3.3.tgz",
      "integrity": "sha1-gTM/hp+bd0KbKRWjUAEkyEwTtWA=",
      "requires": {
        "colors": "1.0.3",
        "debug": "2.2.0",
        "lodash": "3.x",
        "machina": "1.x",
        "moment": "2.10.2",
        "postal": "1.x",
        "when": "3.x"
      },
      "dependencies": {
        "debug": {
          "version": "2.2.0",
          "resolved": "https://registry.npmjs.org/debug/-/debug-2.2.0.tgz",
          "integrity": "sha1-+HBX6ZWxofauaklgZkE3vFbwOdo=",
          "requires": {
            "ms": "0.7.1"
          }
        },
        "lodash": {
          "version": "3.10.1",
          "resolved": "https://registry.npmjs.org/lodash/-/lodash-3.10.1.tgz",
          "integrity": "sha1-W/Rejkm6QYnhfUgnid/RW9FAt7Y="
        },
        "machina": {
          "version": "1.1.2",
          "resolved": "https://registry.npmjs.org/machina/-/machina-1.1.2.tgz",
          "integrity": "sha1-GMq+pfqet8AyQI6zCf6yr3qDckc=",
          "requires": {
            "lodash": "3.x"
          }
        },
        "ms": {
          "version": "0.7.1",
          "resolved": "https://registry.npmjs.org/ms/-/ms-0.7.1.tgz",
          "integrity": "sha1-nNE8A62/8ltl7/3nzoZO6VIBcJg="
        },
        "postal": {
          "version": "1.0.11",
          "resolved": "https://registry.npmjs.org/postal/-/postal-1.0.11.tgz",
          "integrity": "sha1-ejf/YCaGJthFzAM25X2QokU2l50=",
          "requires": {
            "lodash": "4.x"
          },
          "dependencies": {
            "lodash": {
              "version": "4.17.11",
              "resolved": "https://registry.npmjs.org/lodash/-/lodash-4.17.11.tgz",
              "integrity": "sha512-cQKh8igo5QUhZ7lg38DYWAxMvjSAKG0A8wGSVimP07SIUEK2UO+arSRKbRZWtelMtN5V0Hkwh5ryOto/SshYIg=="
            }
          }
        }
      }
    }
  }
}
